// !$*UTF8*$!
{
	archiveVersion = 1;
	classes = {
	};
	objectVersion = 46;
	objects = {

/* Begin PBXBuildFile section */
		E69C1FDF165CB0030048EB4D /* UIKit.framework in Frameworks */ = {isa = PBXBuildFile; fileRef = E69C1FDE165CB0030048EB4D /* UIKit.framework */; };
		E69C1FE1165CB0030048EB4D /* Foundation.framework in Frameworks */ = {isa = PBXBuildFile; fileRef = E69C1FE0165CB0030048EB4D /* Foundation.framework */; };
		E69C1FE3165CB0030048EB4D /* CoreGraphics.framework in Frameworks */ = {isa = PBXBuildFile; fileRef = E69C1FE2165CB0030048EB4D /* CoreGraphics.framework */; };
		E69C1FE5165CB0030048EB4D /* GLKit.framework in Frameworks */ = {isa = PBXBuildFile; fileRef = E69C1FE4165CB0030048EB4D /* GLKit.framework */; };
		E69C1FE7165CB0030048EB4D /* OpenGLES.framework in Frameworks */ = {isa = PBXBuildFile; fileRef = E69C1FE6165CB0030048EB4D /* OpenGLES.framework */; };
		E69C1FED165CB0030048EB4D /* InfoPlist.strings in Resources */ = {isa = PBXBuildFile; fileRef = E69C1FEB165CB0030048EB4D /* InfoPlist.strings */; };
		E69C1FEF165CB0030048EB4D /* main.m in Sources */ = {isa = PBXBuildFile; fileRef = E69C1FEE165CB0030048EB4D /* main.m */; };
		E69C1FF3165CB0030048EB4D /* MYAppDelegate.m in Sources */ = {isa = PBXBuildFile; fileRef = E69C1FF2165CB0030048EB4D /* MYAppDelegate.m */; };
		E69C1FF5165CB0030048EB4D /* Default.png in Resources */ = {isa = PBXBuildFile; fileRef = E69C1FF4165CB0030048EB4D /* Default.png */; };
		E69C1FF7165CB0030048EB4D /* Default@2x.png in Resources */ = {isa = PBXBuildFile; fileRef = E69C1FF6165CB0030048EB4D /* Default@2x.png */; };
		E69C1FF9165CB0030048EB4D /* Default-568h@2x.png in Resources */ = {isa = PBXBuildFile; fileRef = E69C1FF8165CB0030048EB4D /* Default-568h@2x.png */; };
		E69C1FFB165CB0030048EB4D /* Shader.fsh in Resources */ = {isa = PBXBuildFile; fileRef = E69C1FFA165CB0030048EB4D /* Shader.fsh */; };
		E69C1FFD165CB0030048EB4D /* Shader.vsh in Resources */ = {isa = PBXBuildFile; fileRef = E69C1FFC165CB0030048EB4D /* Shader.vsh */; };
		E69C2000165CB0030048EB4D /* MYViewController.m in Sources */ = {isa = PBXBuildFile; fileRef = E69C1FFF165CB0030048EB4D /* MYViewController.m */; };
		E69C2003165CB0030048EB4D /* MYViewController_iPhone.xib in Resources */ = {isa = PBXBuildFile; fileRef = E69C2001165CB0030048EB4D /* MYViewController_iPhone.xib */; };
		E69C2006165CB0030048EB4D /* MYViewController_iPad.xib in Resources */ = {isa = PBXBuildFile; fileRef = E69C2004165CB0030048EB4D /* MYViewController_iPad.xib */; };
		E69C200E165CB0040048EB4D /* SenTestingKit.framework in Frameworks */ = {isa = PBXBuildFile; fileRef = E69C200D165CB0040048EB4D /* SenTestingKit.framework */; };
		E69C200F165CB0040048EB4D /* UIKit.framework in Frameworks */ = {isa = PBXBuildFile; fileRef = E69C1FDE165CB0030048EB4D /* UIKit.framework */; };
		E69C2010165CB0040048EB4D /* Foundation.framework in Frameworks */ = {isa = PBXBuildFile; fileRef = E69C1FE0165CB0030048EB4D /* Foundation.framework */; };
		E69C2018165CB0040048EB4D /* InfoPlist.strings in Resources */ = {isa = PBXBuildFile; fileRef = E69C2016165CB0040048EB4D /* InfoPlist.strings */; };
		E69C201B165CB0040048EB4D /* GLTests.m in Sources */ = {isa = PBXBuildFile; fileRef = E69C201A165CB0040048EB4D /* GLTests.m */; };
/* End PBXBuildFile section */

/* Begin PBXContainerItemProxy section */
		E69C2011165CB0040048EB4D /* PBXContainerItemProxy */ = {
			isa = PBXContainerItemProxy;
			containerPortal = E69C1FD1165CB0030048EB4D /* Project object */;
			proxyType = 1;
			remoteGlobalIDString = E69C1FD9165CB0030048EB4D;
			remoteInfo = GL;
		};
/* End PBXContainerItemProxy section */

/* Begin PBXFileReference section */
		E69C1FDA165CB0030048EB4D /* GL.app */ = {isa = PBXFileReference; explicitFileType = wrapper.application; includeInIndex = 0; path = GL.app; sourceTree = BUILT_PRODUCTS_DIR; };
		E69C1FDE165CB0030048EB4D /* UIKit.framework */ = {isa = PBXFileReference; lastKnownFileType = wrapper.framework; name = UIKit.framework; path = System/Library/Frameworks/UIKit.framework; sourceTree = SDKROOT; };
		E69C1FE0165CB0030048EB4D /* Foundation.framework */ = {isa = PBXFileReference; lastKnownFileType = wrapper.framework; name = Foundation.framework; path = System/Library/Frameworks/Foundation.framework; sourceTree = SDKROOT; };
		E69C1FE2165CB0030048EB4D /* CoreGraphics.framework */ = {isa = PBXFileReference; lastKnownFileType = wrapper.framework; name = CoreGraphics.framework; path = System/Library/Frameworks/CoreGraphics.framework; sourceTree = SDKROOT; };
		E69C1FE4165CB0030048EB4D /* GLKit.framework */ = {isa = PBXFileReference; lastKnownFileType = wrapper.framework; name = GLKit.framework; path = System/Library/Frameworks/GLKit.framework; sourceTree = SDKROOT; };
		E69C1FE6165CB0030048EB4D /* OpenGLES.framework */ = {isa = PBXFileReference; lastKnownFileType = wrapper.framework; name = OpenGLES.framework; path = System/Library/Frameworks/OpenGLES.framework; sourceTree = SDKROOT; };
		E69C1FEA165CB0030048EB4D /* GL-Info.plist */ = {isa = PBXFileReference; lastKnownFileType = text.plist.xml; path = "GL-Info.plist"; sourceTree = "<group>"; };
		E69C1FEC165CB0030048EB4D /* en */ = {isa = PBXFileReference; lastKnownFileType = text.plist.strings; name = en; path = en.lproj/InfoPlist.strings; sourceTree = "<group>"; };
		E69C1FEE165CB0030048EB4D /* main.m */ = {isa = PBXFileReference; lastKnownFileType = sourcecode.c.objc; path = main.m; sourceTree = "<group>"; };
		E69C1FF0165CB0030048EB4D /* GL-Prefix.pch */ = {isa = PBXFileReference; lastKnownFileType = sourcecode.c.h; path = "GL-Prefix.pch"; sourceTree = "<group>"; };
		E69C1FF1165CB0030048EB4D /* MYAppDelegate.h */ = {isa = PBXFileReference; lastKnownFileType = sourcecode.c.h; path = MYAppDelegate.h; sourceTree = "<group>"; };
		E69C1FF2165CB0030048EB4D /* MYAppDelegate.m */ = {isa = PBXFileReference; lastKnownFileType = sourcecode.c.objc; path = MYAppDelegate.m; sourceTree = "<group>"; };
		E69C1FF4165CB0030048EB4D /* Default.png */ = {isa = PBXFileReference; lastKnownFileType = image.png; path = Default.png; sourceTree = "<group>"; };
		E69C1FF6165CB0030048EB4D /* Default@2x.png */ = {isa = PBXFileReference; lastKnownFileType = image.png; path = "Default@2x.png"; sourceTree = "<group>"; };
		E69C1FF8165CB0030048EB4D /* Default-568h@2x.png */ = {isa = PBXFileReference; lastKnownFileType = image.png; path = "Default-568h@2x.png"; sourceTree = "<group>"; };
		E69C1FFA165CB0030048EB4D /* Shader.fsh */ = {isa = PBXFileReference; lastKnownFileType = sourcecode.glsl; name = Shader.fsh; path = Shaders/Shader.fsh; sourceTree = "<group>"; };
		E69C1FFC165CB0030048EB4D /* Shader.vsh */ = {isa = PBXFileReference; lastKnownFileType = sourcecode.glsl; name = Shader.vsh; path = Shaders/Shader.vsh; sourceTree = "<group>"; };
		E69C1FFE165CB0030048EB4D /* MYViewController.h */ = {isa = PBXFileReference; lastKnownFileType = sourcecode.c.h; path = MYViewController.h; sourceTree = "<group>"; };
		E69C1FFF165CB0030048EB4D /* MYViewController.m */ = {isa = PBXFileReference; lastKnownFileType = sourcecode.c.objc; path = MYViewController.m; sourceTree = "<group>"; };
		E69C2002165CB0030048EB4D /* en */ = {isa = PBXFileReference; lastKnownFileType = file.xib; name = en; path = en.lproj/MYViewController_iPhone.xib; sourceTree = "<group>"; };
		E69C2005165CB0030048EB4D /* en */ = {isa = PBXFileReference; lastKnownFileType = file.xib; name = en; path = en.lproj/MYViewController_iPad.xib; sourceTree = "<group>"; };
		E69C200C165CB0040048EB4D /* GLTests.octest */ = {isa = PBXFileReference; explicitFileType = wrapper.cfbundle; includeInIndex = 0; path = GLTests.octest; sourceTree = BUILT_PRODUCTS_DIR; };
		E69C200D165CB0040048EB4D /* SenTestingKit.framework */ = {isa = PBXFileReference; lastKnownFileType = wrapper.framework; name = SenTestingKit.framework; path = Library/Frameworks/SenTestingKit.framework; sourceTree = DEVELOPER_DIR; };
		E69C2015165CB0040048EB4D /* GLTests-Info.plist */ = {isa = PBXFileReference; lastKnownFileType = text.plist.xml; path = "GLTests-Info.plist"; sourceTree = "<group>"; };
		E69C2017165CB0040048EB4D /* en */ = {isa = PBXFileReference; lastKnownFileType = text.plist.strings; name = en; path = en.lproj/InfoPlist.strings; sourceTree = "<group>"; };
		E69C2019165CB0040048EB4D /* GLTests.h */ = {isa = PBXFileReference; lastKnownFileType = sourcecode.c.h; path = GLTests.h; sourceTree = "<group>"; };
		E69C201A165CB0040048EB4D /* GLTests.m */ = {isa = PBXFileReference; lastKnownFileType = sourcecode.c.objc; path = GLTests.m; sourceTree = "<group>"; };
/* End PBXFileReference section */

/* Begin PBXFrameworksBuildPhase section */
		E69C1FD7165CB0030048EB4D /* Frameworks */ = {
			isa = PBXFrameworksBuildPhase;
			buildActionMask = 2147483647;
			files = (
				E69C1FDF165CB0030048EB4D /* UIKit.framework in Frameworks */,
				E69C1FE1165CB0030048EB4D /* Foundation.framework in Frameworks */,
				E69C1FE3165CB0030048EB4D /* CoreGraphics.framework in Frameworks */,
				E69C1FE5165CB0030048EB4D /* GLKit.framework in Frameworks */,
				E69C1FE7165CB0030048EB4D /* OpenGLES.framework in Frameworks */,
			);
			runOnlyForDeploymentPostprocessing = 0;
		};
		E69C2008165CB0040048EB4D /* Frameworks */ = {
			isa = PBXFrameworksBuildPhase;
			buildActionMask = 2147483647;
			files = (
				E69C200E165CB0040048EB4D /* SenTestingKit.framework in Frameworks */,
				E69C200F165CB0040048EB4D /* UIKit.framework in Frameworks */,
				E69C2010165CB0040048EB4D /* Foundation.framework in Frameworks */,
			);
			runOnlyForDeploymentPostprocessing = 0;
		};
/* End PBXFrameworksBuildPhase section */

/* Begin PBXGroup section */
		E69C1FCF165CB0030048EB4D = {
			isa = PBXGroup;
			children = (
				E69C1FE8165CB0030048EB4D /* GL */,
				E69C2013165CB0040048EB4D /* GLTests */,
				E69C1FDD165CB0030048EB4D /* Frameworks */,
				E69C1FDB165CB0030048EB4D /* Products */,
			);
			sourceTree = "<group>";
		};
		E69C1FDB165CB0030048EB4D /* Products */ = {
			isa = PBXGroup;
			children = (
				E69C1FDA165CB0030048EB4D /* GL.app */,
				E69C200C165CB0040048EB4D /* GLTests.octest */,
			);
			name = Products;
			sourceTree = "<group>";
		};
		E69C1FDD165CB0030048EB4D /* Frameworks */ = {
			isa = PBXGroup;
			children = (
				E69C1FDE165CB0030048EB4D /* UIKit.framework */,
				E69C1FE0165CB0030048EB4D /* Foundation.framework */,
				E69C1FE2165CB0030048EB4D /* CoreGraphics.framework */,
				E69C1FE4165CB0030048EB4D /* GLKit.framework */,
				E69C1FE6165CB0030048EB4D /* OpenGLES.framework */,
				E69C200D165CB0040048EB4D /* SenTestingKit.framework */,
			);
			name = Frameworks;
			sourceTree = "<group>";
		};
		E69C1FE8165CB0030048EB4D /* GL */ = {
			isa = PBXGroup;
			children = (
				E69C1FF1165CB0030048EB4D /* MYAppDelegate.h */,
				E69C1FF2165CB0030048EB4D /* MYAppDelegate.m */,
				E69C1FFA165CB0030048EB4D /* Shader.fsh */,
				E69C1FFC165CB0030048EB4D /* Shader.vsh */,
				E69C1FFE165CB0030048EB4D /* MYViewController.h */,
				E69C1FFF165CB0030048EB4D /* MYViewController.m */,
				E69C2001165CB0030048EB4D /* MYViewController_iPhone.xib */,
				E69C2004165CB0030048EB4D /* MYViewController_iPad.xib */,
				E69C1FE9165CB0030048EB4D /* Supporting Files */,
			);
			path = GL;
			sourceTree = "<group>";
		};
		E69C1FE9165CB0030048EB4D /* Supporting Files */ = {
			isa = PBXGroup;
			children = (
				E69C1FEA165CB0030048EB4D /* GL-Info.plist */,
				E69C1FEB165CB0030048EB4D /* InfoPlist.strings */,
				E69C1FEE165CB0030048EB4D /* main.m */,
				E69C1FF0165CB0030048EB4D /* GL-Prefix.pch */,
				E69C1FF4165CB0030048EB4D /* Default.png */,
				E69C1FF6165CB0030048EB4D /* Default@2x.png */,
				E69C1FF8165CB0030048EB4D /* Default-568h@2x.png */,
			);
			name = "Supporting Files";
			sourceTree = "<group>";
		};
		E69C2013165CB0040048EB4D /* GLTests */ = {
			isa = PBXGroup;
			children = (
				E69C2019165CB0040048EB4D /* GLTests.h */,
				E69C201A165CB0040048EB4D /* GLTests.m */,
				E69C2014165CB0040048EB4D /* Supporting Files */,
			);
			path = GLTests;
			sourceTree = "<group>";
		};
		E69C2014165CB0040048EB4D /* Supporting Files */ = {
			isa = PBXGroup;
			children = (
				E69C2015165CB0040048EB4D /* GLTests-Info.plist */,
				E69C2016165CB0040048EB4D /* InfoPlist.strings */,
			);
			name = "Supporting Files";
			sourceTree = "<group>";
		};
/* End PBXGroup section */

/* Begin PBXNativeTarget section */
		E69C1FD9165CB0030048EB4D /* GL */ = {
			isa = PBXNativeTarget;
			buildConfigurationList = E69C201E165CB0040048EB4D /* Build configuration list for PBXNativeTarget "GL" */;
			buildPhases = (
				E69C1FD6165CB0030048EB4D /* Sources */,
				E69C1FD7165CB0030048EB4D /* Frameworks */,
				E69C1FD8165CB0030048EB4D /* Resources */,
			);
			buildRules = (
			);
			dependencies = (
			);
			name = GL;
			productName = GL;
			productReference = E69C1FDA165CB0030048EB4D /* GL.app */;
			productType = "com.apple.product-type.application";
		};
		E69C200B165CB0040048EB4D /* GLTests */ = {
			isa = PBXNativeTarget;
			buildConfigurationList = E69C2021165CB0040048EB4D /* Build configuration list for PBXNativeTarget "GLTests" */;
			buildPhases = (
				E69C2007165CB0040048EB4D /* Sources */,
				E69C2008165CB0040048EB4D /* Frameworks */,
				E69C2009165CB0040048EB4D /* Resources */,
				E69C200A165CB0040048EB4D /* ShellScript */,
			);
			buildRules = (
			);
			dependencies = (
				E69C2012165CB0040048EB4D /* PBXTargetDependency */,
			);
			name = GLTests;
			productName = GLTests;
			productReference = E69C200C165CB0040048EB4D /* GLTests.octest */;
			productType = "com.apple.product-type.bundle";
		};
/* End PBXNativeTarget section */

/* Begin PBXProject section */
		E69C1FD1165CB0030048EB4D /* Project object */ = {
			isa = PBXProject;
			attributes = {
				CLASSPREFIX = MY;
				LastUpgradeCheck = 0450;
				ORGANIZATIONNAME = PGMY;
			};
			buildConfigurationList = E69C1FD4165CB0030048EB4D /* Build configuration list for PBXProject "GL" */;
			compatibilityVersion = "Xcode 3.2";
			developmentRegion = English;
			hasScannedForEncodings = 0;
			knownRegions = (
				en,
			);
			mainGroup = E69C1FCF165CB0030048EB4D;
			productRefGroup = E69C1FDB165CB0030048EB4D /* Products */;
			projectDirPath = "";
			projectRoot = "";
			targets = (
				E69C1FD9165CB0030048EB4D /* GL */,
				E69C200B165CB0040048EB4D /* GLTests */,
			);
		};
/* End PBXProject section */

/* Begin PBXResourcesBuildPhase section */
		E69C1FD8165CB0030048EB4D /* Resources */ = {
			isa = PBXResourcesBuildPhase;
			buildActionMask = 2147483647;
			files = (
				E69C1FED165CB0030048EB4D /* InfoPlist.strings in Resources */,
				E69C1FF5165CB0030048EB4D /* Default.png in Resources */,
				E69C1FF7165CB0030048EB4D /* Default@2x.png in Resources */,
				E69C1FF9165CB0030048EB4D /* Default-568h@2x.png in Resources */,
				E69C1FFB165CB0030048EB4D /* Shader.fsh in Resources */,
				E69C1FFD165CB0030048EB4D /* Shader.vsh in Resources */,
				E69C2003165CB0030048EB4D /* MYViewController_iPhone.xib in Resources */,
				E69C2006165CB0030048EB4D /* MYViewController_iPad.xib in Resources */,
			);
			runOnlyForDeploymentPostprocessing = 0;
		};
		E69C2009165CB0040048EB4D /* Resources */ = {
			isa = PBXResourcesBuildPhase;
			buildActionMask = 2147483647;
			files = (
				E69C2018165CB0040048EB4D /* InfoPlist.strings in Resources */,
			);
			runOnlyForDeploymentPostprocessing = 0;
		};
/* End PBXResourcesBuildPhase section */

/* Begin PBXShellScriptBuildPhase section */
		E69C200A165CB0040048EB4D /* ShellScript */ = {
			isa = PBXShellScriptBuildPhase;
			buildActionMask = 2147483647;
			files = (
			);
			inputPaths = (
			);
			outputPaths = (
			);
			runOnlyForDeploymentPostprocessing = 0;
			shellPath = /bin/sh;
			shellScript = "# Run the unit tests in this test bundle.\n\"${SYSTEM_DEVELOPER_DIR}/Tools/RunUnitTests\"\n";
		};
/* End PBXShellScriptBuildPhase section */

/* Begin PBXSourcesBuildPhase section */
		E69C1FD6165CB0030048EB4D /* Sources */ = {
			isa = PBXSourcesBuildPhase;
			buildActionMask = 2147483647;
			files = (
				E69C1FEF165CB0030048EB4D /* main.m in Sources */,
				E69C1FF3165CB0030048EB4D /* MYAppDelegate.m in Sources */,
				E69C2000165CB0030048EB4D /* MYViewController.m in Sources */,
			);
			runOnlyForDeploymentPostprocessing = 0;
		};
		E69C2007165CB0040048EB4D /* Sources */ = {
			isa = PBXSourcesBuildPhase;
			buildActionMask = 2147483647;
			files = (
				E69C201B165CB0040048EB4D /* GLTests.m in Sources */,
			);
			runOnlyForDeploymentPostprocessing = 0;
		};
/* End PBXSourcesBuildPhase section */

/* Begin PBXTargetDependency section */
		E69C2012165CB0040048EB4D /* PBXTargetDependency */ = {
			isa = PBXTargetDependency;
			target = E69C1FD9165CB0030048EB4D /* GL */;
			targetProxy = E69C2011165CB0040048EB4D /* PBXContainerItemProxy */;
		};
/* End PBXTargetDependency section */

/* Begin PBXVariantGroup section */
		E69C1FEB165CB0030048EB4D /* InfoPlist.strings */ = {
			isa = PBXVariantGroup;
			children = (
				E69C1FEC165CB0030048EB4D /* en */,
			);
			name = InfoPlist.strings;
			sourceTree = "<group>";
		};
		E69C2001165CB0030048EB4D /* MYViewController_iPhone.xib */ = {
			isa = PBXVariantGroup;
			children = (
				E69C2002165CB0030048EB4D /* en */,
			);
			name = MYViewController_iPhone.xib;
			sourceTree = "<group>";
		};
		E69C2004165CB0030048EB4D /* MYViewController_iPad.xib */ = {
			isa = PBXVariantGroup;
			children = (
				E69C2005165CB0030048EB4D /* en */,
			);
			name = MYViewController_iPad.xib;
			sourceTree = "<group>";
		};
		E69C2016165CB0040048EB4D /* InfoPlist.strings */ = {
			isa = PBXVariantGroup;
			children = (
				E69C2017165CB0040048EB4D /* en */,
			);
			name = InfoPlist.strings;
			sourceTree = "<group>";
		};
/* End PBXVariantGroup section */

/* Begin XCBuildConfiguration section */
		E69C201C165CB0040048EB4D /* Debug */ = {
			isa = XCBuildConfiguration;
			buildSettings = {
				ALWAYS_SEARCH_USER_PATHS = NO;
				CLANG_CXX_LANGUAGE_STANDARD = "gnu++0x";
				CLANG_CXX_LIBRARY = "libc++";
				CLANG_WARN_EMPTY_BODY = YES;
				CLANG_WARN__DUPLICATE_METHOD_MATCH = YES;
				"CODE_SIGN_IDENTITY[sdk=iphoneos*]" = "iPhone Developer";
				COPY_PHASE_STRIP = NO;
				GCC_C_LANGUAGE_STANDARD = gnu99;
				GCC_DYNAMIC_NO_PIC = NO;
				GCC_OPTIMIZATION_LEVEL = 0;
				GCC_PREPROCESSOR_DEFINITIONS = (
					"DEBUG=1",
					"$(inherited)",
				);
				GCC_SYMBOLS_PRIVATE_EXTERN = NO;
				GCC_WARN_ABOUT_RETURN_TYPE = YES;
				GCC_WARN_UNINITIALIZED_AUTOS = YES;
				GCC_WARN_UNUSED_VARIABLE = YES;
				IPHONEOS_DEPLOYMENT_TARGET = 6.0;
				ONLY_ACTIVE_ARCH = YES;
				SDKROOT = iphoneos;
				TARGETED_DEVICE_FAMILY = "1,2";
			};
			name = Debug;
		};
		E69C201D165CB0040048EB4D /* Release */ = {
			isa = XCBuildConfiguration;
			buildSettings = {
				ALWAYS_SEARCH_USER_PATHS = NO;
				CLANG_CXX_LANGUAGE_STANDARD = "gnu++0x";
				CLANG_CXX_LIBRARY = "libc++";
				CLANG_WARN_EMPTY_BODY = YES;
				CLANG_WARN__DUPLICATE_METHOD_MATCH = YES;
				"CODE_SIGN_IDENTITY[sdk=iphoneos*]" = "iPhone Developer";
				COPY_PHASE_STRIP = YES;
				GCC_C_LANGUAGE_STANDARD = gnu99;
				GCC_WARN_ABOUT_RETURN_TYPE = YES;
				GCC_WARN_UNINITIALIZED_AUTOS = YES;
				GCC_WARN_UNUSED_VARIABLE = YES;
				IPHONEOS_DEPLOYMENT_TARGET = 6.0;
				OTHER_CFLAGS = "-DNS_BLOCK_ASSERTIONS=1";
				SDKROOT = iphoneos;
				TARGETED_DEVICE_FAMILY = "1,2";
				VALIDATE_PRODUCT = YES;
			};
			name = Release;
		};
		E69C201F165CB0040048EB4D /* Debug */ = {
			isa = XCBuildConfiguration;
			buildSettings = {
				GCC_PRECOMPILE_PREFIX_HEADER = YES;
				GCC_PREFIX_HEADER = "GL/GL-Prefix.pch";
				INFOPLIST_FILE = "GL/GL-Info.plist";
				PRODUCT_NAME = "$(TARGET_NAME)";
				WRAPPER_EXTENSION = app;
			};
			name = Debug;
		};
		E69C2020165CB0040048EB4D /* Release */ = {
			isa = XCBuildConfiguration;
			buildSettings = {
				GCC_PRECOMPILE_PREFIX_HEADER = YES;
				GCC_PREFIX_HEADER = "GL/GL-Prefix.pch";
				INFOPLIST_FILE = "GL/GL-Info.plist";
				PRODUCT_NAME = "$(TARGET_NAME)";
				WRAPPER_EXTENSION = app;
			};
			name = Release;
		};
		E69C2022165CB0040048EB4D /* Debug */ = {
			isa = XCBuildConfiguration;
			buildSettings = {
				BUNDLE_LOADER = "$(BUILT_PRODUCTS_DIR)/GL.app/GL";
				FRAMEWORK_SEARCH_PATHS = (
					"\"$(SDKROOT)/Developer/Library/Frameworks\"",
					"\"$(DEVELOPER_LIBRARY_DIR)/Frameworks\"",
				);
				GCC_PRECOMPILE_PREFIX_HEADER = YES;
				GCC_PREFIX_HEADER = "GL/GL-Prefix.pch";
				INFOPLIST_FILE = "GLTests/GLTests-Info.plist";
				PRODUCT_NAME = "$(TARGET_NAME)";
				TEST_HOST = "$(BUNDLE_LOADER)";
				WRAPPER_EXTENSION = octest;
			};
			name = Debug;
		};
		E69C2023165CB0040048EB4D /* Release */ = {
			isa = XCBuildConfiguration;
			buildSettings = {
				BUNDLE_LOADER = "$(BUILT_PRODUCTS_DIR)/GL.app/GL";
				FRAMEWORK_SEARCH_PATHS = (
					"\"$(SDKROOT)/Developer/Library/Frameworks\"",
					"\"$(DEVELOPER_LIBRARY_DIR)/Frameworks\"",
				);
				GCC_PRECOMPILE_PREFIX_HEADER = YES;
				GCC_PREFIX_HEADER = "GL/GL-Prefix.pch";
				INFOPLIST_FILE = "GLTests/GLTests-Info.plist";
				PRODUCT_NAME = "$(TARGET_NAME)";
				TEST_HOST = "$(BUNDLE_LOADER)";
				WRAPPER_EXTENSION = octest;
			};
			name = Release;
		};
/* End XCBuildConfiguration section */

/* Begin XCConfigurationList section */
		E69C1FD4165CB0030048EB4D /* Build configuration list for PBXProject "GL" */ = {
			isa = XCConfigurationList;
			buildConfigurations = (
				E69C201C165CB0040048EB4D /* Debug */,
				E69C201D165CB0040048EB4D /* Release */,
			);
			defaultConfigurationIsVisible = 0;
			defaultConfigurationName = Release;
		};
		E69C201E165CB0040048EB4D /* Build configuration list for PBXNativeTarget "GL" */ = {
			isa = XCConfigurationList;
			buildConfigurations = (
				E69C201F165CB0040048EB4D /* Debug */,
				E69C2020165CB0040048EB4D /* Release */,
			);
			defaultConfigurationIsVisible = 0;
		};
		E69C2021165CB0040048EB4D /* Build configuration list for PBXNativeTarget "GLTests" */ = {
			isa = XCConfigurationList;
			buildConfigurations = (
				E69C2022165CB0040048EB4D /* Debug */,
				E69C2023165CB0040048EB4D /* Release */,
			);
			defaultConfigurationIsVisible = 0;
		};
/* End XCConfigurationList section */
	};
	rootObject = E69C1FD1165CB0030048EB4D /* Project object */;
}
